
Microsoft Visual Studio Solution File, Format Version 12.00
# Visual Studio Version 16
VisualStudioVersion = 25.0.1704.3
MinimumVisualStudioVersion = 10.0.40219.1
Project("{FAE04EC0-301F-11D3-BF4B-00C04F79EFBC}") = "AwesomeWebApp", "AwesomeWebApp.csproj", "{7C0C046E-03B9-48D4-A6D4-9BD5EEF3CD6E}"
EndProject
Global
	GlobalSection(SolutionConfigurationPlatforms) = preSolution
		Debug|Any CPU = Debug|Any CPU
		Release|Any CPU = Release|Any CPU
	EndGlobalSection
	GlobalSection(ProjectConfigurationPlatforms) = postSolution
		{7C0C046E-03B9-48D4-A6D4-9BD5EEF3CD6E}.Debug|Any CPU.ActiveCfg = Debug|Any CPU
		{7C0C046E-03B9-48D4-A6D4-9BD5EEF3CD6E}.Debug|Any CPU.Build.0 = Debug|Any CPU
		{7C0C046E-03B9-48D4-A6D4-9BD5EEF3CD6E}.Release|Any CPU.ActiveCfg = Release|Any CPU
		{7C0C046E-03B9-48D4-A6D4-9BD5EEF3CD6E}.Release|Any CPU.Build.0 = Release|Any CPU
	EndGlobalSection
	GlobalSection(SolutionProperties) = preSolution
		HideSolutionNode = FALSE
	EndGlobalSection
	GlobalSection(ExtensibilityGlobals) = postSolution
		SolutionGuid = {DC2A50A0-AE57-4BBD-9B34-A95D5384F0BA}
	EndGlobalSection
EndGlobal
